Microsoft Visual Studio Solution File, Format Version 12.00
# Visual Studio Version 16
VisualStudioVersion = 16.0.28803.156
MinimumVisualStudioVersion = 15.0.26124.0
Project("{2150E333-8FDC-42A3-9474-1A3956D46DE8}") = "dist", "dist", "{1D6BC34A-B114-4C32-945F-D43CAAAF2787}"
EndProject
Project("{2150E333-8FDC-42A3-9474-1A3956D46DE8}") = "src", "src", "{5447E82C-8BD0-4A30-B358-8DA3B50DAED1}"
EndProject
Project("{9A19103F-16F7-4668-BE54-9A1E7A4F7556}") = "Burcin.Models", "dist\src\Burcin.Models\Burcin.Models.csproj", "{45E0D41F-67CB-404F-94F1-4A441F414A6F}"
EndProject
Project("{9A19103F-16F7-4668-BE54-9A1E7A4F7556}") = "Burcin.Data", "dist\src\Burcin.Data\Burcin.Data.csproj", "{01BA64DE-4358-4928-928F-4794C24D343D}"
EndProject
Project("{9A19103F-16F7-4668-BE54-9A1E7A4F7556}") = "Burcin.Migrations", "dist\src\Burcin.Migrations\Burcin.Migrations.csproj", "{C0451A4D-6F46-41DF-A6E9-1CE35D81059E}"
EndProject
Project("{9A19103F-16F7-4668-BE54-9A1E7A4F7556}") = "Burcin.Console", "dist\src\Burcin.Console\Burcin.Console.csproj", "{21047B8E-087D-4506-A4A0-40CCFB17004D}"
EndProject
Project("{2150E333-8FDC-42A3-9474-1A3956D46DE8}") = "test", "test", "{68B15B3F-B149-496D-93B9-97C7356C766D}"
EndProject
Project("{9A19103F-16F7-4668-BE54-9A1E7A4F7556}") = "Burcin.Domain.Tests", "dist\test\Burcin.Domain.Tests\Burcin.Domain.Tests.csproj", "{8284A6EE-AC8A-4873-98D0-9CE0728D82BE}"
EndProject
Project("{9A19103F-16F7-4668-BE54-9A1E7A4F7556}") = "Burcin.Domain", "dist\src\Burcin.Domain\Burcin.Domain.csproj", "{7D57CA58-E663-4FC0-9A0E-AFD346728462}"
EndProject
Project("{E53339B2-1760-4266-BCC7-CA923CBCF16C}") = "docker-compose", "dist\docker-compose.dcproj", "{412F3E04-FA62-4566-8E71-3FE15DC33C1C}"
EndProject
Project("{9A19103F-16F7-4668-BE54-9A1E7A4F7556}") = "Burcin.Api", "dist\src\Burcin.Api\Burcin.Api.csproj", "{3C9C3289-F29D-4019-AA60-39AC4CE6942B}"
EndProject
Project("{9A19103F-16F7-4668-BE54-9A1E7A4F7556}") = "Burcin.Web", "dist\src\Burcin.Web\Burcin.Web.csproj", "{36EADE9E-374F-4EEE-B2D4-212D7A3BB8F0}"
EndProject
Global
	GlobalSection(SolutionConfigurationPlatforms) = preSolution
		Debug|Any CPU = Debug|Any CPU
		Debug|x64 = Debug|x64
		Debug|x86 = Debug|x86
		Release|Any CPU = Release|Any CPU
		Release|x64 = Release|x64
		Release|x86 = Release|x86
	EndGlobalSection
	GlobalSection(ProjectConfigurationPlatforms) = postSolution
		{45E0D41F-67CB-404F-94F1-4A441F414A6F}.Debug|Any CPU.ActiveCfg = Debug|Any CPU
		{45E0D41F-67CB-404F-94F1-4A441F414A6F}.Debug|Any CPU.Build.0 = Debug|Any CPU
		{45E0D41F-67CB-404F-94F1-4A441F414A6F}.Debug|x64.ActiveCfg = Debug|Any CPU
		{45E0D41F-67CB-404F-94F1-4A441F414A6F}.Debug|x64.Build.0 = Debug|Any CPU
		{45E0D41F-67CB-404F-94F1-4A441F414A6F}.Debug|x86.ActiveCfg = Debug|Any CPU
		{45E0D41F-67CB-404F-94F1-4A441F414A6F}.Debug|x86.Build.0 = Debug|Any CPU
		{45E0D41F-67CB-404F-94F1-4A441F414A6F}.Release|Any CPU.ActiveCfg = Release|Any CPU
		{45E0D41F-67CB-404F-94F1-4A441F414A6F}.Release|Any CPU.Build.0 = Release|Any CPU
		{45E0D41F-67CB-404F-94F1-4A441F414A6F}.Release|x64.ActiveCfg = Release|Any CPU
		{45E0D41F-67CB-404F-94F1-4A441F414A6F}.Release|x64.Build.0 = Release|Any CPU
		{45E0D41F-67CB-404F-94F1-4A441F414A6F}.Release|x86.ActiveCfg = Release|Any CPU
		{45E0D41F-67CB-404F-94F1-4A441F414A6F}.Release|x86.Build.0 = Release|Any CPU
		{01BA64DE-4358-4928-928F-4794C24D343D}.Debug|Any CPU.ActiveCfg = Debug|Any CPU
		{01BA64DE-4358-4928-928F-4794C24D343D}.Debug|Any CPU.Build.0 = Debug|Any CPU
		{01BA64DE-4358-4928-928F-4794C24D343D}.Debug|x64.ActiveCfg = Debug|Any CPU
		{01BA64DE-4358-4928-928F-4794C24D343D}.Debug|x64.Build.0 = Debug|Any CPU
		{01BA64DE-4358-4928-928F-4794C24D343D}.Debug|x86.ActiveCfg = Debug|Any CPU
		{01BA64DE-4358-4928-928F-4794C24D343D}.Debug|x86.Build.0 = Debug|Any CPU
		{01BA64DE-4358-4928-928F-4794C24D343D}.Release|Any CPU.ActiveCfg = Release|Any CPU
		{01BA64DE-4358-4928-928F-4794C24D343D}.Release|Any CPU.Build.0 = Release|Any CPU
		{01BA64DE-4358-4928-928F-4794C24D343D}.Release|x64.ActiveCfg = Release|Any CPU
		{01BA64DE-4358-4928-928F-4794C24D343D}.Release|x64.Build.0 = Release|Any CPU
		{01BA64DE-4358-4928-928F-4794C24D343D}.Release|x86.ActiveCfg = Release|Any CPU
		{01BA64DE-4358-4928-928F-4794C24D343D}.Release|x86.Build.0 = Release|Any CPU
		{C0451A4D-6F46-41DF-A6E9-1CE35D81059E}.Debug|Any CPU.ActiveCfg = Debug|Any CPU
		{C0451A4D-6F46-41DF-A6E9-1CE35D81059E}.Debug|Any CPU.Build.0 = Debug|Any CPU
		{C0451A4D-6F46-41DF-A6E9-1CE35D81059E}.Debug|x64.ActiveCfg = Debug|Any CPU
		{C0451A4D-6F46-41DF-A6E9-1CE35D81059E}.Debug|x64.Build.0 = Debug|Any CPU
		{C0451A4D-6F46-41DF-A6E9-1CE35D81059E}.Debug|x86.ActiveCfg = Debug|Any CPU
		{C0451A4D-6F46-41DF-A6E9-1CE35D81059E}.Debug|x86.Build.0 = Debug|Any CPU
		{C0451A4D-6F46-41DF-A6E9-1CE35D81059E}.Release|Any CPU.ActiveCfg = Release|Any CPU
		{C0451A4D-6F46-41DF-A6E9-1CE35D81059E}.Release|Any CPU.Build.0 = Release|Any CPU
		{C0451A4D-6F46-41DF-A6E9-1CE35D81059E}.Release|x64.ActiveCfg = Release|Any CPU
		{C0451A4D-6F46-41DF-A6E9-1CE35D81059E}.Release|x64.Build.0 = Release|Any CPU
		{C0451A4D-6F46-41DF-A6E9-1CE35D81059E}.Release|x86.ActiveCfg = Release|Any CPU
		{C0451A4D-6F46-41DF-A6E9-1CE35D81059E}.Release|x86.Build.0 = Release|Any CPU
		{21047B8E-087D-4506-A4A0-40CCFB17004D}.Debug|Any CPU.ActiveCfg = Debug|Any CPU
		{21047B8E-087D-4506-A4A0-40CCFB17004D}.Debug|Any CPU.Build.0 = Debug|Any CPU
		{21047B8E-087D-4506-A4A0-40CCFB17004D}.Debug|x64.ActiveCfg = Debug|Any CPU
		{21047B8E-087D-4506-A4A0-40CCFB17004D}.Debug|x64.Build.0 = Debug|Any CPU
		{21047B8E-087D-4506-A4A0-40CCFB17004D}.Debug|x86.ActiveCfg = Debug|Any CPU
		{21047B8E-087D-4506-A4A0-40CCFB17004D}.Debug|x86.Build.0 = Debug|Any CPU
		{21047B8E-087D-4506-A4A0-40CCFB17004D}.Release|Any CPU.ActiveCfg = Release|Any CPU
		{21047B8E-087D-4506-A4A0-40CCFB17004D}.Release|Any CPU.Build.0 = Release|Any CPU
		{21047B8E-087D-4506-A4A0-40CCFB17004D}.Release|x64.ActiveCfg = Release|Any CPU
		{21047B8E-087D-4506-A4A0-40CCFB17004D}.Release|x64.Build.0 = Release|Any CPU
		{21047B8E-087D-4506-A4A0-40CCFB17004D}.Release|x86.ActiveCfg = Release|Any CPU
		{21047B8E-087D-4506-A4A0-40CCFB17004D}.Release|x86.Build.0 = Release|Any CPU
		{8284A6EE-AC8A-4873-98D0-9CE0728D82BE}.Debug|Any CPU.ActiveCfg = Debug|Any CPU
		{8284A6EE-AC8A-4873-98D0-9CE0728D82BE}.Debug|Any CPU.Build.0 = Debug|Any CPU
		{8284A6EE-AC8A-4873-98D0-9CE0728D82BE}.Debug|x64.ActiveCfg = Debug|Any CPU
		{8284A6EE-AC8A-4873-98D0-9CE0728D82BE}.Debug|x64.Build.0 = Debug|Any CPU
		{8284A6EE-AC8A-4873-98D0-9CE0728D82BE}.Debug|x86.ActiveCfg = Debug|Any CPU
		{8284A6EE-AC8A-4873-98D0-9CE0728D82BE}.Debug|x86.Build.0 = Debug|Any CPU
		{8284A6EE-AC8A-4873-98D0-9CE0728D82BE}.Release|Any CPU.ActiveCfg = Release|Any CPU
		{8284A6EE-AC8A-4873-98D0-9CE0728D82BE}.Release|Any CPU.Build.0 = Release|Any CPU
		{8284A6EE-AC8A-4873-98D0-9CE0728D82BE}.Release|x64.ActiveCfg = Release|Any CPU
		{8284A6EE-AC8A-4873-98D0-9CE0728D82BE}.Release|x64.Build.0 = Release|Any CPU
		{8284A6EE-AC8A-4873-98D0-9CE0728D82BE}.Release|x86.ActiveCfg = Release|Any CPU
		{8284A6EE-AC8A-4873-98D0-9CE0728D82BE}.Release|x86.Build.0 = Release|Any CPU
		{7D57CA58-E663-4FC0-9A0E-AFD346728462}.Debug|Any CPU.ActiveCfg = Debug|Any CPU
		{7D57CA58-E663-4FC0-9A0E-AFD346728462}.Debug|Any CPU.Build.0 = Debug|Any CPU
		{7D57CA58-E663-4FC0-9A0E-AFD346728462}.Debug|x64.ActiveCfg = Debug|Any CPU
		{7D57CA58-E663-4FC0-9A0E-AFD346728462}.Debug|x64.Build.0 = Debug|Any CPU
		{7D57CA58-E663-4FC0-9A0E-AFD346728462}.Debug|x86.ActiveCfg = Debug|Any CPU
		{7D57CA58-E663-4FC0-9A0E-AFD346728462}.Debug|x86.Build.0 = Debug|Any CPU
		{7D57CA58-E663-4FC0-9A0E-AFD346728462}.Release|Any CPU.ActiveCfg = Release|Any CPU
		{7D57CA58-E663-4FC0-9A0E-AFD346728462}.Release|Any CPU.Build.0 = Release|Any CPU
		{7D57CA58-E663-4FC0-9A0E-AFD346728462}.Release|x64.ActiveCfg = Release|Any CPU
		{7D57CA58-E663-4FC0-9A0E-AFD346728462}.Release|x64.Build.0 = Release|Any CPU
		{7D57CA58-E663-4FC0-9A0E-AFD346728462}.Release|x86.ActiveCfg = Release|Any CPU
		{7D57CA58-E663-4FC0-9A0E-AFD346728462}.Release|x86.Build.0 = Release|Any CPU
		{412F3E04-FA62-4566-8E71-3FE15DC33C1C}.Debug|Any CPU.ActiveCfg = Debug|Any CPU
		{412F3E04-FA62-4566-8E71-3FE15DC33C1C}.Debug|Any CPU.Build.0 = Debug|Any CPU
		{412F3E04-FA62-4566-8E71-3FE15DC33C1C}.Debug|x64.ActiveCfg = Debug|Any CPU
		{412F3E04-FA62-4566-8E71-3FE15DC33C1C}.Debug|x64.Build.0 = Debug|Any CPU
		{412F3E04-FA62-4566-8E71-3FE15DC33C1C}.Debug|x86.ActiveCfg = Debug|Any CPU
		{412F3E04-FA62-4566-8E71-3FE15DC33C1C}.Debug|x86.Build.0 = Debug|Any CPU
		{412F3E04-FA62-4566-8E71-3FE15DC33C1C}.Release|Any CPU.ActiveCfg = Release|Any CPU
		{412F3E04-FA62-4566-8E71-3FE15DC33C1C}.Release|Any CPU.Build.0 = Release|Any CPU
		{412F3E04-FA62-4566-8E71-3FE15DC33C1C}.Release|x64.ActiveCfg = Release|Any CPU
		{412F3E04-FA62-4566-8E71-3FE15DC33C1C}.Release|x64.Build.0 = Release|Any CPU
		{412F3E04-FA62-4566-8E71-3FE15DC33C1C}.Release|x86.ActiveCfg = Release|Any CPU
		{412F3E04-FA62-4566-8E71-3FE15DC33C1C}.Release|x86.Build.0 = Release|Any CPU
		{3C9C3289-F29D-4019-AA60-39AC4CE6942B}.Debug|Any CPU.ActiveCfg = Debug|Any CPU
		{3C9C3289-F29D-4019-AA60-39AC4CE6942B}.Debug|Any CPU.Build.0 = Debug|Any CPU
		{3C9C3289-F29D-4019-AA60-39AC4CE6942B}.Debug|x64.ActiveCfg = Debug|Any CPU
		{3C9C3289-F29D-4019-AA60-39AC4CE6942B}.Debug|x64.Build.0 = Debug|Any CPU
		{3C9C3289-F29D-4019-AA60-39AC4CE6942B}.Debug|x86.ActiveCfg = Debug|Any CPU
		{3C9C3289-F29D-4019-AA60-39AC4CE6942B}.Debug|x86.Build.0 = Debug|Any CPU
		{3C9C3289-F29D-4019-AA60-39AC4CE6942B}.Release|Any CPU.ActiveCfg = Release|Any CPU
		{3C9C3289-F29D-4019-AA60-39AC4CE6942B}.Release|Any CPU.Build.0 = Release|Any CPU
		{3C9C3289-F29D-4019-AA60-39AC4CE6942B}.Release|x64.ActiveCfg = Release|Any CPU
		{3C9C3289-F29D-4019-AA60-39AC4CE6942B}.Release|x64.Build.0 = Release|Any CPU
		{3C9C3289-F29D-4019-AA60-39AC4CE6942B}.Release|x86.ActiveCfg = Release|Any CPU
		{3C9C3289-F29D-4019-AA60-39AC4CE6942B}.Release|x86.Build.0 = Release|Any CPU
		{36EADE9E-374F-4EEE-B2D4-212D7A3BB8F0}.Debug|Any CPU.ActiveCfg = Debug|Any CPU
		{36EADE9E-374F-4EEE-B2D4-212D7A3BB8F0}.Debug|Any CPU.Build.0 = Debug|Any CPU
		{36EADE9E-374F-4EEE-B2D4-212D7A3BB8F0}.Debug|x64.ActiveCfg = Debug|Any CPU
		{36EADE9E-374F-4EEE-B2D4-212D7A3BB8F0}.Debug|x64.Build.0 = Debug|Any CPU
		{36EADE9E-374F-4EEE-B2D4-212D7A3BB8F0}.Debug|x86.ActiveCfg = Debug|Any CPU
		{36EADE9E-374F-4EEE-B2D4-212D7A3BB8F0}.Debug|x86.Build.0 = Debug|Any CPU
		{36EADE9E-374F-4EEE-B2D4-212D7A3BB8F0}.Release|Any CPU.ActiveCfg = Release|Any CPU
		{36EADE9E-374F-4EEE-B2D4-212D7A3BB8F0}.Release|Any CPU.Build.0 = Release|Any CPU
		{36EADE9E-374F-4EEE-B2D4-212D7A3BB8F0}.Release|x64.ActiveCfg = Release|Any CPU
		{36EADE9E-374F-4EEE-B2D4-212D7A3BB8F0}.Release|x64.Build.0 = Release|Any CPU
		{36EADE9E-374F-4EEE-B2D4-212D7A3BB8F0}.Release|x86.ActiveCfg = Release|Any CPU
		{36EADE9E-374F-4EEE-B2D4-212D7A3BB8F0}.Release|x86.Build.0 = Release|Any CPU
	EndGlobalSection
	GlobalSection(SolutionProperties) = preSolution
		HideSolutionNode = FALSE
	EndGlobalSection
	GlobalSection(NestedProjects) = preSolution
		{5447E82C-8BD0-4A30-B358-8DA3B50DAED1} = {1D6BC34A-B114-4C32-945F-D43CAAAF2787}
		{45E0D41F-67CB-404F-94F1-4A441F414A6F} = {5447E82C-8BD0-4A30-B358-8DA3B50DAED1}
		{01BA64DE-4358-4928-928F-4794C24D343D} = {5447E82C-8BD0-4A30-B358-8DA3B50DAED1}
		{C0451A4D-6F46-41DF-A6E9-1CE35D81059E} = {5447E82C-8BD0-4A30-B358-8DA3B50DAED1}
		{21047B8E-087D-4506-A4A0-40CCFB17004D} = {5447E82C-8BD0-4A30-B358-8DA3B50DAED1}
		{68B15B3F-B149-496D-93B9-97C7356C766D} = {1D6BC34A-B114-4C32-945F-D43CAAAF2787}
		{8284A6EE-AC8A-4873-98D0-9CE0728D82BE} = {68B15B3F-B149-496D-93B9-97C7356C766D}
		{7D57CA58-E663-4FC0-9A0E-AFD346728462} = {5447E82C-8BD0-4A30-B358-8DA3B50DAED1}
		{412F3E04-FA62-4566-8E71-3FE15DC33C1C} = {1D6BC34A-B114-4C32-945F-D43CAAAF2787}
		{3C9C3289-F29D-4019-AA60-39AC4CE6942B} = {5447E82C-8BD0-4A30-B358-8DA3B50DAED1}
		{36EADE9E-374F-4EEE-B2D4-212D7A3BB8F0} = {5447E82C-8BD0-4A30-B358-8DA3B50DAED1}
	EndGlobalSection
	GlobalSection(ExtensibilityGlobals) = postSolution
		SolutionGuid = {6C69CE08-6AEF-4E3D-82EA-BD99F031E00F}
	EndGlobalSection
EndGlobal
